
Microsoft Visual Studio Solution File, Format Version 12.00
# Visual Studio Express 2013 for Windows Desktop
VisualStudioVersion = 12.0.31101.0
MinimumVisualStudioVersion = 10.0.40219.1
Project("{FAE04EC0-301F-11D3-BF4B-00C04F79EFBC}") = "University", "University\University.csproj", "{5392289D-0138-4246-8160-3AC80F55A1BC}"
EndProject
Project("{FAE04EC0-301F-11D3-BF4B-00C04F79EFBC}") = "Domain", "Domain\Domain.csproj", "{18817E28-1B94-4A95-BE3D-DFB193C7FB60}"
EndProject
Project("{FAE04EC0-301F-11D3-BF4B-00C04F79EFBC}") = "Test", "Test\Test.csproj", "{45082642-517F-4A1E-B47D-18CF4EF283CF}"
EndProject
Global
	GlobalSection(SolutionConfigurationPlatforms) = preSolution
		Debug|Any CPU = Debug|Any CPU
		Release|Any CPU = Release|Any CPU
	EndGlobalSection
	GlobalSection(ProjectConfigurationPlatforms) = postSolution
		{5392289D-0138-4246-8160-3AC80F55A1BC}.Debug|Any CPU.ActiveCfg = Debug|Any CPU
		{5392289D-0138-4246-8160-3AC80F55A1BC}.Debug|Any CPU.Build.0 = Debug|Any CPU
		{5392289D-0138-4246-8160-3AC80F55A1BC}.Release|Any CPU.ActiveCfg = Release|Any CPU
		{5392289D-0138-4246-8160-3AC80F55A1BC}.Release|Any CPU.Build.0 = Release|Any CPU
		{18817E28-1B94-4A95-BE3D-DFB193C7FB60}.Debug|Any CPU.ActiveCfg = Debug|Any CPU
		{18817E28-1B94-4A95-BE3D-DFB193C7FB60}.Debug|Any CPU.Build.0 = Debug|Any CPU
		{18817E28-1B94-4A95-BE3D-DFB193C7FB60}.Release|Any CPU.ActiveCfg = Release|Any CPU
		{18817E28-1B94-4A95-BE3D-DFB193C7FB60}.Release|Any CPU.Build.0 = Release|Any CPU
		{45082642-517F-4A1E-B47D-18CF4EF283CF}.Debug|Any CPU.ActiveCfg = Debug|Any CPU
		{45082642-517F-4A1E-B47D-18CF4EF283CF}.Debug|Any CPU.Build.0 = Debug|Any CPU
		{45082642-517F-4A1E-B47D-18CF4EF283CF}.Release|Any CPU.ActiveCfg = Release|Any CPU
		{45082642-517F-4A1E-B47D-18CF4EF283CF}.Release|Any CPU.Build.0 = Release|Any CPU
	EndGlobalSection
	GlobalSection(SolutionProperties) = preSolution
		HideSolutionNode = FALSE
	EndGlobalSection
EndGlobal
